// !$*UTF8*$!
{
	archiveVersion = 1;
	classes = {
	};
	objectVersion = 46;
	objects = {

/* Begin PBXBuildFile section */
		D76047541D8E5F960079F4B5 /* ZQDetect.m in Sources */ = {isa = PBXBuildFile; fileRef = D76047531D8E5F960079F4B5 /* ZQDetect.m */; };
		D76047571D8E616F0079F4B5 /* DetectController.m in Sources */ = {isa = PBXBuildFile; fileRef = D76047561D8E616F0079F4B5 /* DetectController.m */; };
		D79047AF1D8281D200076041 /* ZQInterlock.m in Sources */ = {isa = PBXBuildFile; fileRef = D79047AB1D8281D200076041 /* ZQInterlock.m */; };
		D79047B01D8281D200076041 /* ZQPaginationController.m in Sources */ = {isa = PBXBuildFile; fileRef = D79047AE1D8281D200076041 /* ZQPaginationController.m */; };
		D79047B31D82A31C00076041 /* PaginationViewController.m in Sources */ = {isa = PBXBuildFile; fileRef = D79047B21D82A31C00076041 /* PaginationViewController.m */; };
		D79047D01D82AFCD00076041 /* Info.plist in Resources */ = {isa = PBXBuildFile; fileRef = D79047B61D82AFCD00076041 /* Info.plist */; };
		D79047D11D82AFCD00076041 /* MASCompositeConstraint.m in Sources */ = {isa = PBXBuildFile; fileRef = D79047B81D82AFCD00076041 /* MASCompositeConstraint.m */; };
		D79047D21D82AFCD00076041 /* MASConstraint.m in Sources */ = {isa = PBXBuildFile; fileRef = D79047BB1D82AFCD00076041 /* MASConstraint.m */; };
		D79047D31D82AFCD00076041 /* MASConstraintMaker.m in Sources */ = {isa = PBXBuildFile; fileRef = D79047BD1D82AFCD00076041 /* MASConstraintMaker.m */; };
		D79047D41D82AFCD00076041 /* MASLayoutConstraint.m in Sources */ = {isa = PBXBuildFile; fileRef = D79047BF1D82AFCD00076041 /* MASLayoutConstraint.m */; };
		D79047D51D82AFCD00076041 /* MASViewAttribute.m in Sources */ = {isa = PBXBuildFile; fileRef = D79047C31D82AFCD00076041 /* MASViewAttribute.m */; };
		D79047D61D82AFCD00076041 /* MASViewConstraint.m in Sources */ = {isa = PBXBuildFile; fileRef = D79047C51D82AFCD00076041 /* MASViewConstraint.m */; };
		D79047D71D82AFCD00076041 /* NSArray+MASAdditions.m in Sources */ = {isa = PBXBuildFile; fileRef = D79047C71D82AFCD00076041 /* NSArray+MASAdditions.m */; };
		D79047D81D82AFCD00076041 /* NSLayoutConstraint+MASDebugAdditions.m in Sources */ = {isa = PBXBuildFile; fileRef = D79047CA1D82AFCD00076041 /* NSLayoutConstraint+MASDebugAdditions.m */; };
		D79047D91D82AFCD00076041 /* View+MASAdditions.m in Sources */ = {isa = PBXBuildFile; fileRef = D79047CC1D82AFCD00076041 /* View+MASAdditions.m */; };
		D79047DA1D82AFCD00076041 /* ViewController+MASAdditions.m in Sources */ = {isa = PBXBuildFile; fileRef = D79047CF1D82AFCD00076041 /* ViewController+MASAdditions.m */; };
		D79BD4C51D8790AF00130D64 /* ZQClassesView.m in Sources */ = {isa = PBXBuildFile; fileRef = D79BD4C41D8790AF00130D64 /* ZQClassesView.m */; };
		D79BD4C81D879A7A00130D64 /* ClassesViewController.m in Sources */ = {isa = PBXBuildFile; fileRef = D79BD4C71D879A7A00130D64 /* ClassesViewController.m */; };
		D7A174D41D86445C00927412 /* InterLockViewController.m in Sources */ = {isa = PBXBuildFile; fileRef = D7A174D31D86445C00927412 /* InterLockViewController.m */; };
		D7A174D71D86459400927412 /* TableViewController.m in Sources */ = {isa = PBXBuildFile; fileRef = D7A174D61D86459400927412 /* TableViewController.m */; };
		D7A174DB1D869AF800927412 /* UINavigationBar+BackgroundAlpha.m in Sources */ = {isa = PBXBuildFile; fileRef = D7A174DA1D869AF800927412 /* UINavigationBar+BackgroundAlpha.m */; };
		D7C1A0D61D7FC314006C8EA7 /* main.m in Sources */ = {isa = PBXBuildFile; fileRef = D7C1A0D51D7FC314006C8EA7 /* main.m */; };
		D7C1A0D91D7FC314006C8EA7 /* AppDelegate.m in Sources */ = {isa = PBXBuildFile; fileRef = D7C1A0D81D7FC314006C8EA7 /* AppDelegate.m */; };
		D7C1A0DC1D7FC314006C8EA7 /* ViewController.m in Sources */ = {isa = PBXBuildFile; fileRef = D7C1A0DB1D7FC314006C8EA7 /* ViewController.m */; };
		D7C1A0DF1D7FC314006C8EA7 /* Main.storyboard in Resources */ = {isa = PBXBuildFile; fileRef = D7C1A0DD1D7FC314006C8EA7 /* Main.storyboard */; };
		D7C1A0E11D7FC314006C8EA7 /* Assets.xcassets in Resources */ = {isa = PBXBuildFile; fileRef = D7C1A0E01D7FC314006C8EA7 /* Assets.xcassets */; };
		D7C1A0E41D7FC314006C8EA7 /* LaunchScreen.storyboard in Resources */ = {isa = PBXBuildFile; fileRef = D7C1A0E21D7FC314006C8EA7 /* LaunchScreen.storyboard */; };
/* End PBXBuildFile section */

/* Begin PBXFileReference section */
		D76047521D8E5F960079F4B5 /* ZQDetect.h */ = {isa = PBXFileReference; fileEncoding = 4; lastKnownFileType = sourcecode.c.h; path = ZQDetect.h; sourceTree = "<group>"; };
		D76047531D8E5F960079F4B5 /* ZQDetect.m */ = {isa = PBXFileReference; fileEncoding = 4; lastKnownFileType = sourcecode.c.objc; path = ZQDetect.m; sourceTree = "<group>"; };
		D76047551D8E616F0079F4B5 /* DetectController.h */ = {isa = PBXFileReference; fileEncoding = 4; lastKnownFileType = sourcecode.c.h; path = DetectController.h; sourceTree = "<group>"; };
		D76047561D8E616F0079F4B5 /* DetectController.m */ = {isa = PBXFileReference; fileEncoding = 4; lastKnownFileType = sourcecode.c.objc; path = DetectController.m; sourceTree = "<group>"; };
		D79047AA1D8281D200076041 /* ZQInterlock.h */ = {isa = PBXFileReference; fileEncoding = 4; lastKnownFileType = sourcecode.c.h; path = ZQInterlock.h; sourceTree = "<group>"; };
		D79047AB1D8281D200076041 /* ZQInterlock.m */ = {isa = PBXFileReference; fileEncoding = 4; lastKnownFileType = sourcecode.c.objc; path = ZQInterlock.m; sourceTree = "<group>"; };
		D79047AD1D8281D200076041 /* ZQPaginationController.h */ = {isa = PBXFileReference; fileEncoding = 4; lastKnownFileType = sourcecode.c.h; path = ZQPaginationController.h; sourceTree = "<group>"; };
		D79047AE1D8281D200076041 /* ZQPaginationController.m */ = {isa = PBXFileReference; fileEncoding = 4; lastKnownFileType = sourcecode.c.objc; path = ZQPaginationController.m; sourceTree = "<group>"; };
		D79047B11D82A31C00076041 /* PaginationViewController.h */ = {isa = PBXFileReference; fileEncoding = 4; lastKnownFileType = sourcecode.c.h; path = PaginationViewController.h; sourceTree = "<group>"; };
		D79047B21D82A31C00076041 /* PaginationViewController.m */ = {isa = PBXFileReference; fileEncoding = 4; lastKnownFileType = sourcecode.c.objc; path = PaginationViewController.m; sourceTree = "<group>"; };
		D79047B61D82AFCD00076041 /* Info.plist */ = {isa = PBXFileReference; fileEncoding = 4; lastKnownFileType = text.plist.xml; path = Info.plist; sourceTree = "<group>"; };
		D79047B71D82AFCD00076041 /* MASCompositeConstraint.h */ = {isa = PBXFileReference; fileEncoding = 4; lastKnownFileType = sourcecode.c.h; path = MASCompositeConstraint.h; sourceTree = "<group>"; };
		D79047B81D82AFCD00076041 /* MASCompositeConstraint.m */ = {isa = PBXFileReference; fileEncoding = 4; lastKnownFileType = sourcecode.c.objc; path = MASCompositeConstraint.m; sourceTree = "<group>"; };
		D79047B91D82AFCD00076041 /* MASConstraint+Private.h */ = {isa = PBXFileReference; fileEncoding = 4; lastKnownFileType = sourcecode.c.h; path = "MASConstraint+Private.h"; sourceTree = "<group>"; };
		D79047BA1D82AFCD00076041 /* MASConstraint.h */ = {isa = PBXFileReference; fileEncoding = 4; lastKnownFileType = sourcecode.c.h; path = MASConstraint.h; sourceTree = "<group>"; };
		D79047BB1D82AFCD00076041 /* MASConstraint.m */ = {isa = PBXFileReference; fileEncoding = 4; lastKnownFileType = sourcecode.c.objc; path = MASConstraint.m; sourceTree = "<group>"; };
		D79047BC1D82AFCD00076041 /* MASConstraintMaker.h */ = {isa = PBXFileReference; fileEncoding = 4; lastKnownFileType = sourcecode.c.h; path = MASConstraintMaker.h; sourceTree = "<group>"; };
		D79047BD1D82AFCD00076041 /* MASConstraintMaker.m */ = {isa = PBXFileReference; fileEncoding = 4; lastKnownFileType = sourcecode.c.objc; path = MASConstraintMaker.m; sourceTree = "<group>"; };
		D79047BE1D82AFCD00076041 /* MASLayoutConstraint.h */ = {isa = PBXFileReference; fileEncoding = 4; lastKnownFileType = sourcecode.c.h; path = MASLayoutConstraint.h; sourceTree = "<group>"; };
		D79047BF1D82AFCD00076041 /* MASLayoutConstraint.m */ = {isa = PBXFileReference; fileEncoding = 4; lastKnownFileType = sourcecode.c.objc; path = MASLayoutConstraint.m; sourceTree = "<group>"; };
		D79047C01D82AFCD00076041 /* Masonry.h */ = {isa = PBXFileReference; fileEncoding = 4; lastKnownFileType = sourcecode.c.h; path = Masonry.h; sourceTree = "<group>"; };
		D79047C11D82AFCD00076041 /* MASUtilities.h */ = {isa = PBXFileReference; fileEncoding = 4; lastKnownFileType = sourcecode.c.h; path = MASUtilities.h; sourceTree = "<group>"; };
		D79047C21D82AFCD00076041 /* MASViewAttribute.h */ = {isa = PBXFileReference; fileEncoding = 4; lastKnownFileType = sourcecode.c.h; path = MASViewAttribute.h; sourceTree = "<group>"; };
		D79047C31D82AFCD00076041 /* MASViewAttribute.m */ = {isa = PBXFileReference; fileEncoding = 4; lastKnownFileType = sourcecode.c.objc; path = MASViewAttribute.m; sourceTree = "<group>"; };
		D79047C41D82AFCD00076041 /* MASViewConstraint.h */ = {isa = PBXFileReference; fileEncoding = 4; lastKnownFileType = sourcecode.c.h; path = MASViewConstraint.h; sourceTree = "<group>"; };
		D79047C51D82AFCD00076041 /* MASViewConstraint.m */ = {isa = PBXFileReference; fileEncoding = 4; lastKnownFileType = sourcecode.c.objc; path = MASViewConstraint.m; sourceTree = "<group>"; };
		D79047C61D82AFCD00076041 /* NSArray+MASAdditions.h */ = {isa = PBXFileReference; fileEncoding = 4; lastKnownFileType = sourcecode.c.h; path = "NSArray+MASAdditions.h"; sourceTree = "<group>"; };
		D79047C71D82AFCD00076041 /* NSArray+MASAdditions.m */ = {isa = PBXFileReference; fileEncoding = 4; lastKnownFileType = sourcecode.c.objc; path = "NSArray+MASAdditions.m"; sourceTree = "<group>"; };
		D79047C81D82AFCD00076041 /* NSArray+MASShorthandAdditions.h */ = {isa = PBXFileReference; fileEncoding = 4; lastKnownFileType = sourcecode.c.h; path = "NSArray+MASShorthandAdditions.h"; sourceTree = "<group>"; };
		D79047C91D82AFCD00076041 /* NSLayoutConstraint+MASDebugAdditions.h */ = {isa = PBXFileReference; fileEncoding = 4; lastKnownFileType = sourcecode.c.h; path = "NSLayoutConstraint+MASDebugAdditions.h"; sourceTree = "<group>"; };
		D79047CA1D82AFCD00076041 /* NSLayoutConstraint+MASDebugAdditions.m */ = {isa = PBXFileReference; fileEncoding = 4; lastKnownFileType = sourcecode.c.objc; path = "NSLayoutConstraint+MASDebugAdditions.m"; sourceTree = "<group>"; };
		D79047CB1D82AFCD00076041 /* View+MASAdditions.h */ = {isa = PBXFileReference; fileEncoding = 4; lastKnownFileType = sourcecode.c.h; path = "View+MASAdditions.h"; sourceTree = "<group>"; };
		D79047CC1D82AFCD00076041 /* View+MASAdditions.m */ = {isa = PBXFileReference; fileEncoding = 4; lastKnownFileType = sourcecode.c.objc; path = "View+MASAdditions.m"; sourceTree = "<group>"; };
		D79047CD1D82AFCD00076041 /* View+MASShorthandAdditions.h */ = {isa = PBXFileReference; fileEncoding = 4; lastKnownFileType = sourcecode.c.h; path = "View+MASShorthandAdditions.h"; sourceTree = "<group>"; };
		D79047CE1D82AFCD00076041 /* ViewController+MASAdditions.h */ = {isa = PBXFileReference; fileEncoding = 4; lastKnownFileType = sourcecode.c.h; path = "ViewController+MASAdditions.h"; sourceTree = "<group>"; };
		D79047CF1D82AFCD00076041 /* ViewController+MASAdditions.m */ = {isa = PBXFileReference; fileEncoding = 4; lastKnownFileType = sourcecode.c.objc; path = "ViewController+MASAdditions.m"; sourceTree = "<group>"; };
		D79BD4C31D8790AF00130D64 /* ZQClassesView.h */ = {isa = PBXFileReference; fileEncoding = 4; lastKnownFileType = sourcecode.c.h; path = ZQClassesView.h; sourceTree = "<group>"; };
		D79BD4C41D8790AF00130D64 /* ZQClassesView.m */ = {isa = PBXFileReference; fileEncoding = 4; lastKnownFileType = sourcecode.c.objc; path = ZQClassesView.m; sourceTree = "<group>"; };
		D79BD4C61D879A7A00130D64 /* ClassesViewController.h */ = {isa = PBXFileReference; fileEncoding = 4; lastKnownFileType = sourcecode.c.h; path = ClassesViewController.h; sourceTree = "<group>"; };
		D79BD4C71D879A7A00130D64 /* ClassesViewController.m */ = {isa = PBXFileReference; fileEncoding = 4; lastKnownFileType = sourcecode.c.objc; path = ClassesViewController.m; sourceTree = "<group>"; };
		D7A174D21D86445C00927412 /* InterLockViewController.h */ = {isa = PBXFileReference; fileEncoding = 4; lastKnownFileType = sourcecode.c.h; path = InterLockViewController.h; sourceTree = "<group>"; };
		D7A174D31D86445C00927412 /* InterLockViewController.m */ = {isa = PBXFileReference; fileEncoding = 4; lastKnownFileType = sourcecode.c.objc; path = InterLockViewController.m; sourceTree = "<group>"; };
		D7A174D51D86459400927412 /* TableViewController.h */ = {isa = PBXFileReference; fileEncoding = 4; lastKnownFileType = sourcecode.c.h; path = TableViewController.h; sourceTree = "<group>"; };
		D7A174D61D86459400927412 /* TableViewController.m */ = {isa = PBXFileReference; fileEncoding = 4; lastKnownFileType = sourcecode.c.objc; path = TableViewController.m; sourceTree = "<group>"; };
		D7A174D91D869AF800927412 /* UINavigationBar+BackgroundAlpha.h */ = {isa = PBXFileReference; fileEncoding = 4; lastKnownFileType = sourcecode.c.h; path = "UINavigationBar+BackgroundAlpha.h"; sourceTree = "<group>"; };
		D7A174DA1D869AF800927412 /* UINavigationBar+BackgroundAlpha.m */ = {isa = PBXFileReference; fileEncoding = 4; lastKnownFileType = sourcecode.c.objc; path = "UINavigationBar+BackgroundAlpha.m"; sourceTree = "<group>"; };
		D7C1A0D11D7FC314006C8EA7 /* ZQDemo.app */ = {isa = PBXFileReference; explicitFileType = wrapper.application; includeInIndex = 0; path = ZQDemo.app; sourceTree = BUILT_PRODUCTS_DIR; };
		D7C1A0D51D7FC314006C8EA7 /* main.m */ = {isa = PBXFileReference; lastKnownFileType = sourcecode.c.objc; path = main.m; sourceTree = "<group>"; };
		D7C1A0D71D7FC314006C8EA7 /* AppDelegate.h */ = {isa = PBXFileReference; lastKnownFileType = sourcecode.c.h; path = AppDelegate.h; sourceTree = "<group>"; };
		D7C1A0D81D7FC314006C8EA7 /* AppDelegate.m */ = {isa = PBXFileReference; lastKnownFileType = sourcecode.c.objc; path = AppDelegate.m; sourceTree = "<group>"; };
		D7C1A0DA1D7FC314006C8EA7 /* ViewController.h */ = {isa = PBXFileReference; lastKnownFileType = sourcecode.c.h; path = ViewController.h; sourceTree = "<group>"; };
		D7C1A0DB1D7FC314006C8EA7 /* ViewController.m */ = {isa = PBXFileReference; lastKnownFileType = sourcecode.c.objc; path = ViewController.m; sourceTree = "<group>"; };
		D7C1A0DE1D7FC314006C8EA7 /* Base */ = {isa = PBXFileReference; lastKnownFileType = file.storyboard; name = Base; path = Base.lproj/Main.storyboard; sourceTree = "<group>"; };
		D7C1A0E01D7FC314006C8EA7 /* Assets.xcassets */ = {isa = PBXFileReference; lastKnownFileType = folder.assetcatalog; path = Assets.xcassets; sourceTree = "<group>"; };
		D7C1A0E31D7FC314006C8EA7 /* Base */ = {isa = PBXFileReference; lastKnownFileType = file.storyboard; name = Base; path = Base.lproj/LaunchScreen.storyboard; sourceTree = "<group>"; };
		D7C1A0E51D7FC314006C8EA7 /* Info.plist */ = {isa = PBXFileReference; lastKnownFileType = text.plist.xml; path = Info.plist; sourceTree = "<group>"; };
/* End PBXFileReference section */

/* Begin PBXFrameworksBuildPhase section */
		D7C1A0CE1D7FC314006C8EA7 /* Frameworks */ = {
			isa = PBXFrameworksBuildPhase;
			buildActionMask = 2147483647;
			files = (
			);
			runOnlyForDeploymentPostprocessing = 0;
		};
/* End PBXFrameworksBuildPhase section */

/* Begin PBXGroup section */
		D76047511D8E5F960079F4B5 /* ZQDetect */ = {
			isa = PBXGroup;
			children = (
				D76047521D8E5F960079F4B5 /* ZQDetect.h */,
				D76047531D8E5F960079F4B5 /* ZQDetect.m */,
			);
			path = ZQDetect;
			sourceTree = "<group>";
		};
		D79047A91D8281D200076041 /* ZQInterlock */ = {
			isa = PBXGroup;
			children = (
				D79047AA1D8281D200076041 /* ZQInterlock.h */,
				D79047AB1D8281D200076041 /* ZQInterlock.m */,
			);
			path = ZQInterlock;
			sourceTree = "<group>";
		};
		D79047AC1D8281D200076041 /* ZQPaginationController */ = {
			isa = PBXGroup;
			children = (
				D79047AD1D8281D200076041 /* ZQPaginationController.h */,
				D79047AE1D8281D200076041 /* ZQPaginationController.m */,
			);
			path = ZQPaginationController;
			sourceTree = "<group>";
		};
		D79047B41D82AFCD00076041 /* Lib */ = {
			isa = PBXGroup;
			children = (
				D79047B51D82AFCD00076041 /* Masonry */,
			);
			path = Lib;
			sourceTree = "<group>";
		};
		D79047B51D82AFCD00076041 /* Masonry */ = {
			isa = PBXGroup;
			children = (
				D79047B61D82AFCD00076041 /* Info.plist */,
				D79047B71D82AFCD00076041 /* MASCompositeConstraint.h */,
				D79047B81D82AFCD00076041 /* MASCompositeConstraint.m */,
				D79047B91D82AFCD00076041 /* MASConstraint+Private.h */,
				D79047BA1D82AFCD00076041 /* MASConstraint.h */,
				D79047BB1D82AFCD00076041 /* MASConstraint.m */,
				D79047BC1D82AFCD00076041 /* MASConstraintMaker.h */,
				D79047BD1D82AFCD00076041 /* MASConstraintMaker.m */,
				D79047BE1D82AFCD00076041 /* MASLayoutConstraint.h */,
				D79047BF1D82AFCD00076041 /* MASLayoutConstraint.m */,
				D79047C01D82AFCD00076041 /* Masonry.h */,
				D79047C11D82AFCD00076041 /* MASUtilities.h */,
				D79047C21D82AFCD00076041 /* MASViewAttribute.h */,
				D79047C31D82AFCD00076041 /* MASViewAttribute.m */,
				D79047C41D82AFCD00076041 /* MASViewConstraint.h */,
				D79047C51D82AFCD00076041 /* MASViewConstraint.m */,
				D79047C61D82AFCD00076041 /* NSArray+MASAdditions.h */,
				D79047C71D82AFCD00076041 /* NSArray+MASAdditions.m */,
				D79047C81D82AFCD00076041 /* NSArray+MASShorthandAdditions.h */,
				D79047C91D82AFCD00076041 /* NSLayoutConstraint+MASDebugAdditions.h */,
				D79047CA1D82AFCD00076041 /* NSLayoutConstraint+MASDebugAdditions.m */,
				D79047CB1D82AFCD00076041 /* View+MASAdditions.h */,
				D79047CC1D82AFCD00076041 /* View+MASAdditions.m */,
				D79047CD1D82AFCD00076041 /* View+MASShorthandAdditions.h */,
				D79047CE1D82AFCD00076041 /* ViewController+MASAdditions.h */,
				D79047CF1D82AFCD00076041 /* ViewController+MASAdditions.m */,
			);
			path = Masonry;
			sourceTree = "<group>";
		};
		D79BD4C21D8790AF00130D64 /* ZQClassesView */ = {
			isa = PBXGroup;
			children = (
				D79BD4C31D8790AF00130D64 /* ZQClassesView.h */,
				D79BD4C41D8790AF00130D64 /* ZQClassesView.m */,
			);
			path = ZQClassesView;
			sourceTree = "<group>";
		};
		D7A174D81D869AF800927412 /* UINavigationBar+BackgroundAlpha */ = {
			isa = PBXGroup;
			children = (
				D7A174D91D869AF800927412 /* UINavigationBar+BackgroundAlpha.h */,
				D7A174DA1D869AF800927412 /* UINavigationBar+BackgroundAlpha.m */,
			);
			name = "UINavigationBar+BackgroundAlpha";
			path = "Lib/UINavigationBar+BackgroundAlpha";
			sourceTree = "<group>";
		};
		D7C1A0C81D7FC314006C8EA7 = {
			isa = PBXGroup;
			children = (
				D7C1A0D31D7FC314006C8EA7 /* ZQDemo */,
				D7C1A0D21D7FC314006C8EA7 /* Products */,
			);
			sourceTree = "<group>";
		};
		D7C1A0D21D7FC314006C8EA7 /* Products */ = {
			isa = PBXGroup;
			children = (
				D7C1A0D11D7FC314006C8EA7 /* ZQDemo.app */,
			);
			name = Products;
			sourceTree = "<group>";
		};
		D7C1A0D31D7FC314006C8EA7 /* ZQDemo */ = {
			isa = PBXGroup;
			children = (
				D79047B41D82AFCD00076041 /* Lib */,
				D7A174D81D869AF800927412 /* UINavigationBar+BackgroundAlpha */,
				D76047511D8E5F960079F4B5 /* ZQDetect */,
				D79047A91D8281D200076041 /* ZQInterlock */,
				D79BD4C21D8790AF00130D64 /* ZQClassesView */,
				D79047AC1D8281D200076041 /* ZQPaginationController */,
				D7C1A0D71D7FC314006C8EA7 /* AppDelegate.h */,
				D7C1A0D81D7FC314006C8EA7 /* AppDelegate.m */,
				D7C1A0DA1D7FC314006C8EA7 /* ViewController.h */,
				D7C1A0DB1D7FC314006C8EA7 /* ViewController.m */,
				D7A174D51D86459400927412 /* TableViewController.h */,
				D7A174D61D86459400927412 /* TableViewController.m */,
				D79047B11D82A31C00076041 /* PaginationViewController.h */,
				D79047B21D82A31C00076041 /* PaginationViewController.m */,
				D7A174D21D86445C00927412 /* InterLockViewController.h */,
				D7A174D31D86445C00927412 /* InterLockViewController.m */,
				D79BD4C61D879A7A00130D64 /* ClassesViewController.h */,
				D79BD4C71D879A7A00130D64 /* ClassesViewController.m */,
				D76047551D8E616F0079F4B5 /* DetectController.h */,
				D76047561D8E616F0079F4B5 /* DetectController.m */,
				D7C1A0DD1D7FC314006C8EA7 /* Main.storyboard */,
				D7C1A0E01D7FC314006C8EA7 /* Assets.xcassets */,
				D7C1A0E21D7FC314006C8EA7 /* LaunchScreen.storyboard */,
				D7C1A0E51D7FC314006C8EA7 /* Info.plist */,
				D7C1A0D41D7FC314006C8EA7 /* Supporting Files */,
			);
			path = ZQDemo;
			sourceTree = "<group>";
		};
		D7C1A0D41D7FC314006C8EA7 /* Supporting Files */ = {
			isa = PBXGroup;
			children = (
				D7C1A0D51D7FC314006C8EA7 /* main.m */,
			);
			name = "Supporting Files";
			sourceTree = "<group>";
		};
/* End PBXGroup section */

/* Begin PBXNativeTarget section */
		D7C1A0D01D7FC314006C8EA7 /* ZQDemo */ = {
			isa = PBXNativeTarget;
			buildConfigurationList = D7C1A0E81D7FC314006C8EA7 /* Build configuration list for PBXNativeTarget "ZQDemo" */;
			buildPhases = (
				D7C1A0CD1D7FC314006C8EA7 /* Sources */,
				D7C1A0CE1D7FC314006C8EA7 /* Frameworks */,
				D7C1A0CF1D7FC314006C8EA7 /* Resources */,
			);
			buildRules = (
			);
			dependencies = (
			);
			name = ZQDemo;
			productName = ZQDemo;
			productReference = D7C1A0D11D7FC314006C8EA7 /* ZQDemo.app */;
			productType = "com.apple.product-type.application";
		};
/* End PBXNativeTarget section */

/* Begin PBXProject section */
		D7C1A0C91D7FC314006C8EA7 /* Project object */ = {
			isa = PBXProject;
			attributes = {
				CLASSPREFIX = ZQ;
				LastUpgradeCheck = 0710;
				ORGANIZATIONNAME = ZQ;
				TargetAttributes = {
					D7C1A0D01D7FC314006C8EA7 = {
						CreatedOnToolsVersion = 7.1;
					};
				};
			};
			buildConfigurationList = D7C1A0CC1D7FC314006C8EA7 /* Build configuration list for PBXProject "ZQDemo" */;
			compatibilityVersion = "Xcode 3.2";
			developmentRegion = English;
			hasScannedForEncodings = 0;
			knownRegions = (
				en,
				Base,
			);
			mainGroup = D7C1A0C81D7FC314006C8EA7;
			productRefGroup = D7C1A0D21D7FC314006C8EA7 /* Products */;
			projectDirPath = "";
			projectRoot = "";
			targets = (
				D7C1A0D01D7FC314006C8EA7 /* ZQDemo */,
			);
		};
/* End PBXProject section */

/* Begin PBXResourcesBuildPhase section */
		D7C1A0CF1D7FC314006C8EA7 /* Resources */ = {
			isa = PBXResourcesBuildPhase;
			buildActionMask = 2147483647;
			files = (
				D79047D01D82AFCD00076041 /* Info.plist in Resources */,
				D7C1A0E41D7FC314006C8EA7 /* LaunchScreen.storyboard in Resources */,
				D7C1A0E11D7FC314006C8EA7 /* Assets.xcassets in Resources */,
				D7C1A0DF1D7FC314006C8EA7 /* Main.storyboard in Resources */,
			);
			runOnlyForDeploymentPostprocessing = 0;
		};
/* End PBXResourcesBuildPhase section */

/* Begin PBXSourcesBuildPhase section */
		D7C1A0CD1D7FC314006C8EA7 /* Sources */ = {
			isa = PBXSourcesBuildPhase;
			buildActionMask = 2147483647;
			files = (
				D79047D21D82AFCD00076041 /* MASConstraint.m in Sources */,
				D76047541D8E5F960079F4B5 /* ZQDetect.m in Sources */,
				D79047D51D82AFCD00076041 /* MASViewAttribute.m in Sources */,
				D7A174D41D86445C00927412 /* InterLockViewController.m in Sources */,
				D79047DA1D82AFCD00076041 /* ViewController+MASAdditions.m in Sources */,
				D79047D71D82AFCD00076041 /* NSArray+MASAdditions.m in Sources */,
				D79047B31D82A31C00076041 /* PaginationViewController.m in Sources */,
				D76047571D8E616F0079F4B5 /* DetectController.m in Sources */,
				D79047D61D82AFCD00076041 /* MASViewConstraint.m in Sources */,
				D79047D41D82AFCD00076041 /* MASLayoutConstraint.m in Sources */,
				D79047B01D8281D200076041 /* ZQPaginationController.m in Sources */,
				D7C1A0DC1D7FC314006C8EA7 /* ViewController.m in Sources */,
				D7A174DB1D869AF800927412 /* UINavigationBar+BackgroundAlpha.m in Sources */,
				D79047D91D82AFCD00076041 /* View+MASAdditions.m in Sources */,
				D79047D11D82AFCD00076041 /* MASCompositeConstraint.m in Sources */,
				D79047D81D82AFCD00076041 /* NSLayoutConstraint+MASDebugAdditions.m in Sources */,
				D79BD4C51D8790AF00130D64 /* ZQClassesView.m in Sources */,
				D7A174D71D86459400927412 /* TableViewController.m in Sources */,
				D79047D31D82AFCD00076041 /* MASConstraintMaker.m in Sources */,
				D7C1A0D91D7FC314006C8EA7 /* AppDelegate.m in Sources */,
				D79BD4C81D879A7A00130D64 /* ClassesViewController.m in Sources */,
				D79047AF1D8281D200076041 /* ZQInterlock.m in Sources */,
				D7C1A0D61D7FC314006C8EA7 /* main.m in Sources */,
			);
			runOnlyForDeploymentPostprocessing = 0;
		};
/* End PBXSourcesBuildPhase section */

/* Begin PBXVariantGroup section */
		D7C1A0DD1D7FC314006C8EA7 /* Main.storyboard */ = {
			isa = PBXVariantGroup;
			children = (
				D7C1A0DE1D7FC314006C8EA7 /* Base */,
			);
			name = Main.storyboard;
			sourceTree = "<group>";
		};
		D7C1A0E21D7FC314006C8EA7 /* LaunchScreen.storyboard */ = {
			isa = PBXVariantGroup;
			children = (
				D7C1A0E31D7FC314006C8EA7 /* Base */,
			);
			name = LaunchScreen.storyboard;
			sourceTree = "<group>";
		};
/* End PBXVariantGroup section */

/* Begin XCBuildConfiguration section */
		D7C1A0E61D7FC314006C8EA7 /* Debug */ = {
			isa = XCBuildConfiguration;
			buildSettings = {
				ALWAYS_SEARCH_USER_PATHS = NO;
				CLANG_CXX_LANGUAGE_STANDARD = "gnu++0x";
				CLANG_CXX_LIBRARY = "libc++";
				CLANG_ENABLE_MODULES = YES;
				CLANG_ENABLE_OBJC_ARC = YES;
				CLANG_WARN_BOOL_CONVERSION = YES;
				CLANG_WARN_CONSTANT_CONVERSION = YES;
				CLANG_WARN_DIRECT_OBJC_ISA_USAGE = YES_ERROR;
				CLANG_WARN_EMPTY_BODY = YES;
				CLANG_WARN_ENUM_CONVERSION = YES;
				CLANG_WARN_INT_CONVERSION = YES;
				CLANG_WARN_OBJC_ROOT_CLASS = YES_ERROR;
				CLANG_WARN_UNREACHABLE_CODE = YES;
				CLANG_WARN__DUPLICATE_METHOD_MATCH = YES;
				"CODE_SIGN_IDENTITY[sdk=iphoneos*]" = "iPhone Developer";
				COPY_PHASE_STRIP = NO;
				DEBUG_INFORMATION_FORMAT = dwarf;
				ENABLE_STRICT_OBJC_MSGSEND = YES;
				ENABLE_TESTABILITY = YES;
				GCC_C_LANGUAGE_STANDARD = gnu99;
				GCC_DYNAMIC_NO_PIC = NO;
				GCC_NO_COMMON_BLOCKS = YES;
				GCC_OPTIMIZATION_LEVEL = 0;
				GCC_PREPROCESSOR_DEFINITIONS = (
					"DEBUG=1",
					"$(inherited)",
				);
				GCC_WARN_64_TO_32_BIT_CONVERSION = YES;
				GCC_WARN_ABOUT_RETURN_TYPE = YES_ERROR;
				GCC_WARN_UNDECLARED_SELECTOR = YES;
				GCC_WARN_UNINITIALIZED_AUTOS = YES_AGGRESSIVE;
				GCC_WARN_UNUSED_FUNCTION = YES;
				GCC_WARN_UNUSED_VARIABLE = YES;
				IPHONEOS_DEPLOYMENT_TARGET = 9.1;
				MTL_ENABLE_DEBUG_INFO = YES;
				ONLY_ACTIVE_ARCH = YES;
				SDKROOT = iphoneos;
			};
			name = Debug;
		};
		D7C1A0E71D7FC314006C8EA7 /* Release */ = {
			isa = XCBuildConfiguration;
			buildSettings = {
				ALWAYS_SEARCH_USER_PATHS = NO;
				CLANG_CXX_LANGUAGE_STANDARD = "gnu++0x";
				CLANG_CXX_LIBRARY = "libc++";
				CLANG_ENABLE_MODULES = YES;
				CLANG_ENABLE_OBJC_ARC = YES;
				CLANG_WARN_BOOL_CONVERSION = YES;
				CLANG_WARN_CONSTANT_CONVERSION = YES;
				CLANG_WARN_DIRECT_OBJC_ISA_USAGE = YES_ERROR;
				CLANG_WARN_EMPTY_BODY = YES;
				CLANG_WARN_ENUM_CONVERSION = YES;
				CLANG_WARN_INT_CONVERSION = YES;
				CLANG_WARN_OBJC_ROOT_CLASS = YES_ERROR;
				CLANG_WARN_UNREACHABLE_CODE = YES;
				CLANG_WARN__DUPLICATE_METHOD_MATCH = YES;
				"CODE_SIGN_IDENTITY[sdk=iphoneos*]" = "iPhone Developer";
				COPY_PHASE_STRIP = NO;
				DEBUG_INFORMATION_FORMAT = "dwarf-with-dsym";
				ENABLE_NS_ASSERTIONS = NO;
				ENABLE_STRICT_OBJC_MSGSEND = YES;
				GCC_C_LANGUAGE_STANDARD = gnu99;
				GCC_NO_COMMON_BLOCKS = YES;
				GCC_WARN_64_TO_32_BIT_CONVERSION = YES;
				GCC_WARN_ABOUT_RETURN_TYPE = YES_ERROR;
				GCC_WARN_UNDECLARED_SELECTOR = YES;
				GCC_WARN_UNINITIALIZED_AUTOS = YES_AGGRESSIVE;
				GCC_WARN_UNUSED_FUNCTION = YES;
				GCC_WARN_UNUSED_VARIABLE = YES;
				IPHONEOS_DEPLOYMENT_TARGET = 9.1;
				MTL_ENABLE_DEBUG_INFO = NO;
				SDKROOT = iphoneos;
				VALIDATE_PRODUCT = YES;
			};
			name = Release;
		};
		D7C1A0E91D7FC314006C8EA7 /* Debug */ = {
			isa = XCBuildConfiguration;
			buildSettings = {
				ASSETCATALOG_COMPILER_APPICON_NAME = AppIcon;
				INFOPLIST_FILE = ZQDemo/Info.plist;
				LD_RUNPATH_SEARCH_PATHS = "$(inherited) @executable_path/Frameworks";
				PRODUCT_BUNDLE_IDENTIFIER = com.leihou.ZQ.ZQDemo;
				PRODUCT_NAME = "$(TARGET_NAME)";
			};
			name = Debug;
		};
		D7C1A0EA1D7FC314006C8EA7 /* Release */ = {
			isa = XCBuildConfiguration;
			buildSettings = {
				ASSETCATALOG_COMPILER_APPICON_NAME = AppIcon;
				INFOPLIST_FILE = ZQDemo/Info.plist;
				LD_RUNPATH_SEARCH_PATHS = "$(inherited) @executable_path/Frameworks";
				PRODUCT_BUNDLE_IDENTIFIER = com.leihou.ZQ.ZQDemo;
				PRODUCT_NAME = "$(TARGET_NAME)";
			};
			name = Release;
		};
/* End XCBuildConfiguration section */

/* Begin XCConfigurationList section */
		D7C1A0CC1D7FC314006C8EA7 /* Build configuration list for PBXProject "ZQDemo" */ = {
			isa = XCConfigurationList;
			buildConfigurations = (
				D7C1A0E61D7FC314006C8EA7 /* Debug */,
				D7C1A0E71D7FC314006C8EA7 /* Release */,
			);
			defaultConfigurationIsVisible = 0;
			defaultConfigurationName = Release;
		};
		D7C1A0E81D7FC314006C8EA7 /* Build configuration list for PBXNativeTarget "ZQDemo" */ = {
			isa = XCConfigurationList;
			buildConfigurations = (
				D7C1A0E91D7FC314006C8EA7 /* Debug */,
				D7C1A0EA1D7FC314006C8EA7 /* Release */,
			);
			defaultConfigurationIsVisible = 0;
			defaultConfigurationName = Release;
		};
/* End XCConfigurationList section */
	};
	rootObject = D7C1A0C91D7FC314006C8EA7 /* Project object */;
}
